PODS:
  - SwiftyExpectations (1.0.0)

DEPENDENCIES:
  - SwiftyExpectations (from `../`)

EXTERNAL SOURCES:
  SwiftyExpectations:
    :path: "../"

SPEC CHECKSUMS:
  SwiftyExpectations: 2494673dc13d25d2d40682175e8a7e14aaa16038

PODFILE CHECKSUM: 5411e5f4748b7733c270709a4b53eee43e09e482

COCOAPODS: 1.5.3
